
Microsoft Visual Studio Solution File, Format Version 12.00
# Visual Studio Version 16
VisualStudioVersion = 16.0.29418.71
MinimumVisualStudioVersion = 10.0.40219.1
Project("{FAE04EC0-301F-11D3-BF4B-00C04F79EFBC}") = "Calculadora", "Calculadora\Calculadora.csproj", "{CF2E6A73-40B1-4748-93D6-9B546B7B7217}"
EndProject
Global
	GlobalSection(SolutionConfigurationPlatforms) = preSolution
		Debug|Any CPU = Debug|Any CPU
		Release|Any CPU = Release|Any CPU
	EndGlobalSection
	GlobalSection(ProjectConfigurationPlatforms) = postSolution
		{CF2E6A73-40B1-4748-93D6-9B546B7B7217}.Debug|Any CPU.ActiveCfg = Debug|Any CPU
		{CF2E6A73-40B1-4748-93D6-9B546B7B7217}.Debug|Any CPU.Build.0 = Debug|Any CPU
		{CF2E6A73-40B1-4748-93D6-9B546B7B7217}.Release|Any CPU.ActiveCfg = Release|Any CPU
		{CF2E6A73-40B1-4748-93D6-9B546B7B7217}.Release|Any CPU.Build.0 = Release|Any CPU
	EndGlobalSection
	GlobalSection(SolutionProperties) = preSolution
		HideSolutionNode = FALSE
	EndGlobalSection
	GlobalSection(ExtensibilityGlobals) = postSolution
		SolutionGuid = {BDBE4D99-680B-42B7-8A8C-7FFE4BF7073A}
	EndGlobalSection
EndGlobal
